{
  "lockfile-version": 1,
  "manifest": {
    "version": 1,
    "install": {
      "python3": {
        "pkg-path": "python3"
      }
    },
    "hook": {},
    "profile": {},
    "options": {
      "systems": [
        "aarch64-darwin",
        "aarch64-linux",
        "x86_64-darwin",
        "x86_64-linux"
      ],
      "allow": {
        "licenses": []
      },
      "semver": {}
    }
  },
  "packages": [
    {
      "attr_path": "python3",
      "broken": false,
      "derivation": "/nix/store/nfqzgvmajgyf3h5hchs03ngs99h0zaqn-python3-3.12.7.drv",
      "description": "High-level dynamically-typed programming language",
      "install_id": "python3",
      "license": "Python-2.0",
      "locked_url": "https://github.com/flox/nixpkgs?rev=4aa36568d413aca0ea84a1684d2d46f55dbabad7",
      "name": "python3-3.12.7",
      "pname": "python3",
      "rev": "4aa36568d413aca0ea84a1684d2d46f55dbabad7",
      "rev_count": 703931,
      "rev_date": "2024-11-05T05:43:48Z",
      "scrape_date": "2024-11-07T03:55:45Z",
      "stabilities": [
        "unstable"
      ],
      "unfree": false,
      "version": "3.12.7",
      "outputs_to_install": [
        "out"
      ],
      "outputs": {
        "out": "/nix/store/2djmffykchgm4q4j7ylv7xgkg441mp2j-python3-3.12.7"
      },
      "system": "aarch64-darwin",
      "group": "toplevel",
      "priority": 5
    },
    {
      "attr_path": "python3",
      "broken": false,
      "derivation": "/nix/store/nrwf0ar2p6wrx17vvs9zfmllkn1p1gqh-python3-3.12.7.drv",
      "description": "High-level dynamically-typed programming language",
      "install_id": "python3",
      "license": "Python-2.0",
      "locked_url": "https://github.com/flox/nixpkgs?rev=4aa36568d413aca0ea84a1684d2d46f55dbabad7",
      "name": "python3-3.12.7",
      "pname": "python3",
      "rev": "4aa36568d413aca0ea84a1684d2d46f55dbabad7",
      "rev_count": 703931,
      "rev_date": "2024-11-05T05:43:48Z",
      "scrape_date": "2024-11-07T03:55:45Z",
      "stabilities": [
        "unstable"
      ],
      "unfree": false,
      "version": "3.12.7",
      "outputs_to_install": [
        "out"
      ],
      "outputs": {
        "debug": "/nix/store/i2dk7l0b260px2i3v751z12kh6fkanzw-python3-3.12.7-debug",
        "out": "/nix/store/zkzg2gaacmhc2i9ggp35dbl5x0y49531-python3-3.12.7"
      },
      "system": "aarch64-linux",
      "group": "toplevel",
      "priority": 5
    },
    {
      "attr_path": "python3",
      "broken": false,
      "derivation": "/nix/store/8xdxhcf5yh5p4rc1b8i3g0z3bq52kv46-python3-3.12.7.drv",
      "description": "High-level dynamically-typed programming language",
      "install_id": "python3",
      "license": "Python-2.0",
      "locked_url": "https://github.com/flox/nixpkgs?rev=4aa36568d413aca0ea84a1684d2d46f55dbabad7",
      "name": "python3-3.12.7",
      "pname": "python3",
      "rev": "4aa36568d413aca0ea84a1684d2d46f55dbabad7",
      "rev_count": 703931,
      "rev_date": "2024-11-05T05:43:48Z",
      "scrape_date": "2024-11-07T03:55:45Z",
      "stabilities": [
        "unstable"
      ],
      "unfree": false,
      "version": "3.12.7",
      "outputs_to_install": [
        "out"
      ],
      "outputs": {
        "out": "/nix/store/70ifxn668cb1y4yiy35v0g8ic1wg33cz-python3-3.12.7"
      },
      "system": "x86_64-darwin",
      "group": "toplevel",
      "priority": 5
    },
    {
      "attr_path": "python3",
      "broken": false,
      "derivation": "/nix/store/97s6qwipyppnh12dayv0k3qml0xb5dsq-python3-3.12.7.drv",
      "description": "High-level dynamically-typed programming language",
      "install_id": "python3",
      "license": "Python-2.0",
      "locked_url": "https://github.com/flox/nixpkgs?rev=4aa36568d413aca0ea84a1684d2d46f55dbabad7",
      "name": "python3-3.12.7",
      "pname": "python3",
      "rev": "4aa36568d413aca0ea84a1684d2d46f55dbabad7",
      "rev_count": 703931,
      "rev_date": "2024-11-05T05:43:48Z",
      "scrape_date": "2024-11-07T03:55:45Z",
      "stabilities": [
        "unstable"
      ],
      "unfree": false,
      "version": "3.12.7",
      "outputs_to_install": [
        "out"
      ],
      "outputs": {
        "debug": "/nix/store/1qffxia2lrnwa8pcwbl1hk4i5v5xagcj-python3-3.12.7-debug",
        "out": "/nix/store/901c80rlps5q05bnjk1sj4zaz5k736nc-python3-3.12.7"
      },
      "system": "x86_64-linux",
      "group": "toplevel",
      "priority": 5
    }
  ]
}